
Microsoft Visual Studio Solution File, Format Version 12.00
# Visual Studio 15
VisualStudioVersion = 15.0.26430.12
MinimumVisualStudioVersion = 10.0.40219.1
Project("{FAE04EC0-301F-11D3-BF4B-00C04F79EFBC}") = "WordChains", "WordChains\WordChains.csproj", "{D4A6DFC2-B575-4E3C-8486-F57A7453660C}"
EndProject
Project("{FAE04EC0-301F-11D3-BF4B-00C04F79EFBC}") = "WordChains.Tests", "WordChains.Tests\WordChains.Tests.csproj", "{A08FC524-5C6B-45D1-AD90-2B63FCA6BF27}"
EndProject
Project("{FAE04EC0-301F-11D3-BF4B-00C04F79EFBC}") = "WordChainsUI", "WordChainsUI\WordChainsUI.csproj", "{D3203917-1E59-403C-ACF9-B53D5DABF26F}"
EndProject
Global
	GlobalSection(SolutionConfigurationPlatforms) = preSolution
		Debug|Any CPU = Debug|Any CPU
		Release|Any CPU = Release|Any CPU
	EndGlobalSection
	GlobalSection(ProjectConfigurationPlatforms) = postSolution
		{D4A6DFC2-B575-4E3C-8486-F57A7453660C}.Debug|Any CPU.ActiveCfg = Debug|Any CPU
		{D4A6DFC2-B575-4E3C-8486-F57A7453660C}.Debug|Any CPU.Build.0 = Debug|Any CPU
		{D4A6DFC2-B575-4E3C-8486-F57A7453660C}.Release|Any CPU.ActiveCfg = Release|Any CPU
		{D4A6DFC2-B575-4E3C-8486-F57A7453660C}.Release|Any CPU.Build.0 = Release|Any CPU
		{A08FC524-5C6B-45D1-AD90-2B63FCA6BF27}.Debug|Any CPU.ActiveCfg = Debug|Any CPU
		{A08FC524-5C6B-45D1-AD90-2B63FCA6BF27}.Debug|Any CPU.Build.0 = Debug|Any CPU
		{A08FC524-5C6B-45D1-AD90-2B63FCA6BF27}.Release|Any CPU.ActiveCfg = Release|Any CPU
		{A08FC524-5C6B-45D1-AD90-2B63FCA6BF27}.Release|Any CPU.Build.0 = Release|Any CPU
		{D3203917-1E59-403C-ACF9-B53D5DABF26F}.Debug|Any CPU.ActiveCfg = Debug|Any CPU
		{D3203917-1E59-403C-ACF9-B53D5DABF26F}.Debug|Any CPU.Build.0 = Debug|Any CPU
		{D3203917-1E59-403C-ACF9-B53D5DABF26F}.Release|Any CPU.ActiveCfg = Release|Any CPU
		{D3203917-1E59-403C-ACF9-B53D5DABF26F}.Release|Any CPU.Build.0 = Release|Any CPU
	EndGlobalSection
	GlobalSection(SolutionProperties) = preSolution
		HideSolutionNode = FALSE
	EndGlobalSection
EndGlobal
